
Microsoft Visual Studio Solution File, Format Version 12.00
# Visual Studio Version 17
VisualStudioVersion = 17.14.36109.1 d17.14
MinimumVisualStudioVersion = 10.0.40219.1
Project("{FAE04EC0-301F-11D3-BF4B-00C04F79EFBC}") = "Lab16", "Lab16.csproj", "{1B479A2B-3DF8-4ADE-9F90-B8E817CA3BCB}"
EndProject
Project("{FAE04EC0-301F-11D3-BF4B-00C04F79EFBC}") = "Lab16_Library", "..\Lab16_Library\Lab16_Library.csproj", "{38297461-8EE8-48FA-8F6B-DA97A4089728}"
EndProject
Global
	GlobalSection(SolutionConfigurationPlatforms) = preSolution
		Debug|Any CPU = Debug|Any CPU
		Release|Any CPU = Release|Any CPU
	EndGlobalSection
	GlobalSection(ProjectConfigurationPlatforms) = postSolution
		{1B479A2B-3DF8-4ADE-9F90-B8E817CA3BCB}.Debug|Any CPU.ActiveCfg = Debug|Any CPU
		{1B479A2B-3DF8-4ADE-9F90-B8E817CA3BCB}.Debug|Any CPU.Build.0 = Debug|Any CPU
		{1B479A2B-3DF8-4ADE-9F90-B8E817CA3BCB}.Release|Any CPU.ActiveCfg = Release|Any CPU
		{1B479A2B-3DF8-4ADE-9F90-B8E817CA3BCB}.Release|Any CPU.Build.0 = Release|Any CPU
		{38297461-8EE8-48FA-8F6B-DA97A4089728}.Debug|Any CPU.ActiveCfg = Debug|Any CPU
		{38297461-8EE8-48FA-8F6B-DA97A4089728}.Debug|Any CPU.Build.0 = Debug|Any CPU
		{38297461-8EE8-48FA-8F6B-DA97A4089728}.Release|Any CPU.ActiveCfg = Release|Any CPU
		{38297461-8EE8-48FA-8F6B-DA97A4089728}.Release|Any CPU.Build.0 = Release|Any CPU
	EndGlobalSection
	GlobalSection(SolutionProperties) = preSolution
		HideSolutionNode = FALSE
	EndGlobalSection
	GlobalSection(ExtensibilityGlobals) = postSolution
		SolutionGuid = {2F971F60-840D-4B14-BD10-009F7E081BD3}
	EndGlobalSection
EndGlobal
